
Microsoft Visual Studio Solution File, Format Version 12.00
# Visual Studio Version 17
VisualStudioVersion = 17.9.34607.119
MinimumVisualStudioVersion = 10.0.40219.1
Project("{FAE04EC0-301F-11D3-BF4B-00C04F79EFBC}") = "TestOpsTrainingSeleniumCSharp", "TestOpsTrainingSeleniumCSharp.csproj", "{830657E0-0A4F-47B3-903B-ED87E6868152}"
EndProject
Global
	GlobalSection(SolutionConfigurationPlatforms) = preSolution
		Debug|Any CPU = Debug|Any CPU
		Release|Any CPU = Release|Any CPU
	EndGlobalSection
	GlobalSection(ProjectConfigurationPlatforms) = postSolution
		{830657E0-0A4F-47B3-903B-ED87E6868152}.Debug|Any CPU.ActiveCfg = Debug|Any CPU
		{830657E0-0A4F-47B3-903B-ED87E6868152}.Debug|Any CPU.Build.0 = Debug|Any CPU
		{830657E0-0A4F-47B3-903B-ED87E6868152}.Release|Any CPU.ActiveCfg = Release|Any CPU
		{830657E0-0A4F-47B3-903B-ED87E6868152}.Release|Any CPU.Build.0 = Release|Any CPU
	EndGlobalSection
	GlobalSection(SolutionProperties) = preSolution
		HideSolutionNode = FALSE
	EndGlobalSection
	GlobalSection(ExtensibilityGlobals) = postSolution
		SolutionGuid = {5F96C7B7-9E9F-4334-9C4F-E9A3B80816DE}
	EndGlobalSection
EndGlobal
